
Microsoft Visual Studio Solution File, Format Version 12.00
# Visual Studio Version 17
VisualStudioVersion = 17.7.34202.233
MinimumVisualStudioVersion = 10.0.40219.1
Project("{FAE04EC0-301F-11D3-BF4B-00C04F79EFBC}") = "Calculadora", "Calculadora.csproj", "{2E2FF07A-83A9-41B1-A10D-703634EB03E1}"
EndProject
Project("{FAE04EC0-301F-11D3-BF4B-00C04F79EFBC}") = "Programas", "..\Programas\Programas.csproj", "{9C9585FC-92CE-402A-828F-49BA81897A4E}"
EndProject
Project("{FAE04EC0-301F-11D3-BF4B-00C04F79EFBC}") = "identidade", "..\identidade\identidade.csproj", "{95349FCB-9BAE-4EA6-B877-EBC1383F44A2}"
EndProject
Global
	GlobalSection(SolutionConfigurationPlatforms) = preSolution
		Debug|Any CPU = Debug|Any CPU
		Release|Any CPU = Release|Any CPU
	EndGlobalSection
	GlobalSection(ProjectConfigurationPlatforms) = postSolution
		{2E2FF07A-83A9-41B1-A10D-703634EB03E1}.Debug|Any CPU.ActiveCfg = Debug|Any CPU
		{2E2FF07A-83A9-41B1-A10D-703634EB03E1}.Debug|Any CPU.Build.0 = Debug|Any CPU
		{2E2FF07A-83A9-41B1-A10D-703634EB03E1}.Release|Any CPU.ActiveCfg = Release|Any CPU
		{2E2FF07A-83A9-41B1-A10D-703634EB03E1}.Release|Any CPU.Build.0 = Release|Any CPU
		{9C9585FC-92CE-402A-828F-49BA81897A4E}.Debug|Any CPU.ActiveCfg = Debug|Any CPU
		{9C9585FC-92CE-402A-828F-49BA81897A4E}.Debug|Any CPU.Build.0 = Debug|Any CPU
		{9C9585FC-92CE-402A-828F-49BA81897A4E}.Release|Any CPU.ActiveCfg = Release|Any CPU
		{9C9585FC-92CE-402A-828F-49BA81897A4E}.Release|Any CPU.Build.0 = Release|Any CPU
		{95349FCB-9BAE-4EA6-B877-EBC1383F44A2}.Debug|Any CPU.ActiveCfg = Debug|Any CPU
		{95349FCB-9BAE-4EA6-B877-EBC1383F44A2}.Debug|Any CPU.Build.0 = Debug|Any CPU
		{95349FCB-9BAE-4EA6-B877-EBC1383F44A2}.Release|Any CPU.ActiveCfg = Release|Any CPU
		{95349FCB-9BAE-4EA6-B877-EBC1383F44A2}.Release|Any CPU.Build.0 = Release|Any CPU
	EndGlobalSection
	GlobalSection(SolutionProperties) = preSolution
		HideSolutionNode = FALSE
	EndGlobalSection
	GlobalSection(ExtensibilityGlobals) = postSolution
		SolutionGuid = {7755D4CC-0C60-4C00-97A6-4581891C1A0E}
	EndGlobalSection
EndGlobal
